
Microsoft Visual Studio Solution File, Format Version 12.00
# Visual Studio Version 17
VisualStudioVersion = 17.5.33502.453
MinimumVisualStudioVersion = 10.0.40219.1
Project("{8BC9CEB8-8B4A-11D0-8D11-00A0C91BC942}") = "ExerciseProsedural_023", "ExerciseProsedural_023\ExerciseProsedural_023.vcxproj", "{C430728E-108F-44E7-A3C5-4C63F4159E44}"
EndProject
Global
	GlobalSection(SolutionConfigurationPlatforms) = preSolution
		Debug|x64 = Debug|x64
		Debug|x86 = Debug|x86
		Release|x64 = Release|x64
		Release|x86 = Release|x86
	EndGlobalSection
	GlobalSection(ProjectConfigurationPlatforms) = postSolution
		{C430728E-108F-44E7-A3C5-4C63F4159E44}.Debug|x64.ActiveCfg = Debug|x64
		{C430728E-108F-44E7-A3C5-4C63F4159E44}.Debug|x64.Build.0 = Debug|x64
		{C430728E-108F-44E7-A3C5-4C63F4159E44}.Debug|x86.ActiveCfg = Debug|Win32
		{C430728E-108F-44E7-A3C5-4C63F4159E44}.Debug|x86.Build.0 = Debug|Win32
		{C430728E-108F-44E7-A3C5-4C63F4159E44}.Release|x64.ActiveCfg = Release|x64
		{C430728E-108F-44E7-A3C5-4C63F4159E44}.Release|x64.Build.0 = Release|x64
		{C430728E-108F-44E7-A3C5-4C63F4159E44}.Release|x86.ActiveCfg = Release|Win32
		{C430728E-108F-44E7-A3C5-4C63F4159E44}.Release|x86.Build.0 = Release|Win32
	EndGlobalSection
	GlobalSection(SolutionProperties) = preSolution
		HideSolutionNode = FALSE
	EndGlobalSection
	GlobalSection(ExtensibilityGlobals) = postSolution
		SolutionGuid = {6B6121EF-FDE6-42B5-8B6A-4FFFED417D05}
	EndGlobalSection
EndGlobal
